
Microsoft Visual Studio Solution File, Format Version 12.00
# Visual Studio 15
VisualStudioVersion = 15.0.28307.489
MinimumVisualStudioVersion = 10.0.40219.1
Project("{FAE04EC0-301F-11D3-BF4B-00C04F79EFBC}") = "Game8", "Game8\Game8.csproj", "{4FCBA18B-836E-4BDE-ABB7-9D55EE251C97}"
EndProject
Global
	GlobalSection(SolutionConfigurationPlatforms) = preSolution
		Debug|Any CPU = Debug|Any CPU
		Release|Any CPU = Release|Any CPU
	EndGlobalSection
	GlobalSection(ProjectConfigurationPlatforms) = postSolution
		{4FCBA18B-836E-4BDE-ABB7-9D55EE251C97}.Debug|Any CPU.ActiveCfg = Debug|Any CPU
		{4FCBA18B-836E-4BDE-ABB7-9D55EE251C97}.Debug|Any CPU.Build.0 = Debug|Any CPU
		{4FCBA18B-836E-4BDE-ABB7-9D55EE251C97}.Release|Any CPU.ActiveCfg = Release|Any CPU
		{4FCBA18B-836E-4BDE-ABB7-9D55EE251C97}.Release|Any CPU.Build.0 = Release|Any CPU
	EndGlobalSection
	GlobalSection(SolutionProperties) = preSolution
		HideSolutionNode = FALSE
	EndGlobalSection
	GlobalSection(ExtensibilityGlobals) = postSolution
		SolutionGuid = {284DDF75-C95B-4340-9998-42BB4E9B5369}
	EndGlobalSection
EndGlobal
